# This file is autogenerated, do not edit; changes may be undone by the next 'dep ensure'.


[[projects]]
  digest = "1:1f7005fc5cdd63c271e507bb2de24e47efcf6014cef7b811cfeb89cb101e1e1e"
  name = "github.com/Novetta/go.logging"
  packages = ["."]
  pruneopts = "UT"
  revision = "8a28a10d66d66d87128aee6bf042679461eed082"
  version = "v1.0.3"

[[projects]]
  digest = "1:9e9261f6dbb66fafa972f649a73c8be6fd28df02217b9c1968358f4d69fc1ca1"
  name = "github.com/Novetta/go.util"
  packages = ["."]
  pruneopts = "UT"
  revision = "2ff45089581b32fe0c601fc46580d86b17bc0f96"
  version = "v1.0.7"

[[projects]]
  digest = "1:ad6629d2b5bcbe94467439b636a4463cd48366cbc98f3c835f75fe21af963915"
  name = "github.com/Novetta/security"
  packages = [
    "kerbtypes",
    "secutils",
  ]
  pruneopts = "UT"
  revision = "baac05ad4c52b92a8617186102f102a38c396120"
  version = "v1.1.0"

[[projects]]
  digest = "1:63bd62f5b57c55f0e07c9f8a76d841c7fa74905cc3cb6b8a55e923450f4bee81"
  name = "github.com/codegangsta/inject"
  packages = ["."]
  pruneopts = "UT"
  revision = "37d7f8432a3e684eef9b2edece76bdfa6ac85b39"
  version = "v1.0-rc1"

[[projects]]
  digest = "1:865079840386857c809b72ce300be7580cb50d3d3129ce11bf9aa6ca2bc1934a"
  name = "github.com/fatih/color"
  packages = ["."]
  pruneopts = "UT"
  revision = "5b77d2a35fb0ede96d138fc9a99f5c9b6aef11b4"
  version = "v1.7.0"

[[projects]]
  digest = "1:275990a68fda901ee42e120ee4c819118deefbfa6bc5562df4d0e9337b4a30e4"
  name = "github.com/go-martini/martini"
  packages = ["."]
  pruneopts = "UT"
  revision = "49411a5b646861ad29a6ddd5351717a0a9c49b94"
  version = "v1.0"

[[projects]]
  branch = "master"
  digest = "1:047791023a60f1bc9afeba332f451da12ebf93afd17156c9ea03ffa04db7f876"
  name = "github.com/martini-contrib/encoder"
  packages = ["."]
  pruneopts = "UT"
  revision = "f07f7dc73cdc5a53edf55023530b77c7edb8542a"

[[projects]]
  digest = "1:c658e84ad3916da105a761660dcaeb01e63416c8ec7bc62256a9b411a05fcd67"
  name = "github.com/mattn/go-colorable"
  packages = ["."]
  pruneopts = "UT"
  revision = "167de6bfdfba052fa6b2d3664c8f5272e23c9072"
  version = "v0.0.9"

[[projects]]
  digest = "1:0981502f9816113c9c8c4ac301583841855c8cf4da8c72f696b3ebedf6d0e4e5"
  name = "github.com/mattn/go-isatty"
  packages = ["."]
  pruneopts = "UT"
  revision = "6ca4dbf54d38eea1a992b3c722a76a5d1c4cb25c"
  version = "v0.0.4"

[[projects]]
  branch = "master"
  digest = "1:7ba061af4131fb44b30448572acd0d6fefbf63a61b97b7ef1dea0be5871c2742"
  name = "golang.org/x/sys"
  packages = ["unix"]
  pruneopts = "UT"
  revision = "66b7b1311ac80bbafcd2daeef9a5e6e2cd1e2399"

[[projects]]
  digest = "1:76dc72490af7174349349838f2fe118996381b31ea83243812a97e5a0fd5ed55"
  name = "gopkg.in/dgrijalva/jwt-go.v3"
  packages = ["."]
  pruneopts = "UT"
  revision = "06ea1031745cb8b3dab3f6a236daf2b0aa468b7e"
  version = "v3.2.0"

[[projects]]
  digest = "1:342378ac4dcb378a5448dd723f0784ae519383532f5e70ade24132c4c8693202"
  name = "gopkg.in/yaml.v2"
  packages = ["."]
  pruneopts = "UT"
  revision = "5420a8b6744d3b0345ab293f6fcba19c978f1183"
  version = "v2.2.1"

[solve-meta]
  analyzer-name = "dep"
  analyzer-version = 1
  input-imports = [
    "github.com/Novetta/go.logging",
    "github.com/Novetta/go.util",
    "github.com/Novetta/security/kerbtypes",
    "github.com/fatih/color",
    "github.com/go-martini/martini",
    "gopkg.in/yaml.v2",
  ]
  solver-name = "gps-cdcl"
  solver-version = 1
